
Microsoft Visual Studio Solution File, Format Version 12.00
# Visual Studio Version 17
VisualStudioVersion = 17.3.32922.545
MinimumVisualStudioVersion = 10.0.40219.1
Project("{9A19103F-16F7-4668-BE54-9A1E7A4F7556}") = "TransportationCompany", "TransportationCompany\TransportationCompany.csproj", "{6663E5F6-F56C-4DF9-996F-24135AB28D6C}"
EndProject
Project("{FAE04EC0-301F-11D3-BF4B-00C04F79EFBC}") = "TransportationCompany.Test", "TransportationCompany.Test\TransportationCompany.Test.csproj", "{C4398FA2-F4CC-47E9-B854-14450B972A38}"
EndProject
Global
	GlobalSection(SolutionConfigurationPlatforms) = preSolution
		Debug|Any CPU = Debug|Any CPU
		Release|Any CPU = Release|Any CPU
	EndGlobalSection
	GlobalSection(ProjectConfigurationPlatforms) = postSolution
		{6663E5F6-F56C-4DF9-996F-24135AB28D6C}.Debug|Any CPU.ActiveCfg = Debug|Any CPU
		{6663E5F6-F56C-4DF9-996F-24135AB28D6C}.Debug|Any CPU.Build.0 = Debug|Any CPU
		{6663E5F6-F56C-4DF9-996F-24135AB28D6C}.Release|Any CPU.ActiveCfg = Release|Any CPU
		{6663E5F6-F56C-4DF9-996F-24135AB28D6C}.Release|Any CPU.Build.0 = Release|Any CPU
		{C4398FA2-F4CC-47E9-B854-14450B972A38}.Debug|Any CPU.ActiveCfg = Debug|Any CPU
		{C4398FA2-F4CC-47E9-B854-14450B972A38}.Debug|Any CPU.Build.0 = Debug|Any CPU
		{C4398FA2-F4CC-47E9-B854-14450B972A38}.Release|Any CPU.ActiveCfg = Release|Any CPU
		{C4398FA2-F4CC-47E9-B854-14450B972A38}.Release|Any CPU.Build.0 = Release|Any CPU
	EndGlobalSection
	GlobalSection(SolutionProperties) = preSolution
		HideSolutionNode = FALSE
	EndGlobalSection
	GlobalSection(ExtensibilityGlobals) = postSolution
		SolutionGuid = {BD3925C1-03D8-4120-9AEC-43DAC614519F}
	EndGlobalSection
EndGlobal
